PODS:
  - OCMock (3.9.3)
  - zello-opus-ios (1.0.1)

DEPENDENCIES:
  - OCMock (= 3.9.3)
  - zello-opus-ios (~> 1.0.1)

SPEC REPOS:
  trunk:
    - OCMock
    - zello-opus-ios

SPEC CHECKSUMS:
  OCMock: 300b1b1b9155cb6378660b981c2557448830bdc6
  zello-opus-ios: 8c1f08799d7a147c86f21ec2a18f7b19f8c2ceed

PODFILE CHECKSUM: 9da5967b0fe99ee984b318e223e09496110df062

COCOAPODS: 1.15.2
